
Microsoft Visual Studio Solution File, Format Version 12.00
# Visual Studio 2012
Project("{FAE04EC0-301F-11D3-BF4B-00C04F79EFBC}") = "ChoppinTrees", "ChoppinTrees\ChoppinTrees.csproj", "{D6C49E17-80B1-4B6D-B63E-42151F5EF5B2}"
EndProject
Project("{FAE04EC0-301F-11D3-BF4B-00C04F79EFBC}") = "WoWAPI", "WoWAPI\WoWAPI.csproj", "{3A6E9820-C866-4CC5-B4A7-6F44B718559F}"
EndProject
Project("{FAE04EC0-301F-11D3-BF4B-00C04F79EFBC}") = "Framework", "Framework\Framework.csproj", "{06743694-A8AC-46B4-835C-634A76C5A9F8}"
EndProject
Project("{FAE04EC0-301F-11D3-BF4B-00C04F79EFBC}") = "Test", "Test\Test.csproj", "{D85B9151-EC25-4035-8588-DD57E0AE06D9}"
EndProject
Global
	GlobalSection(SolutionConfigurationPlatforms) = preSolution
		Debug|Any CPU = Debug|Any CPU
		Release|Any CPU = Release|Any CPU
	EndGlobalSection
	GlobalSection(ProjectConfigurationPlatforms) = postSolution
		{D6C49E17-80B1-4B6D-B63E-42151F5EF5B2}.Debug|Any CPU.ActiveCfg = Debug|Any CPU
		{D6C49E17-80B1-4B6D-B63E-42151F5EF5B2}.Debug|Any CPU.Build.0 = Debug|Any CPU
		{D6C49E17-80B1-4B6D-B63E-42151F5EF5B2}.Release|Any CPU.ActiveCfg = Release|Any CPU
		{D6C49E17-80B1-4B6D-B63E-42151F5EF5B2}.Release|Any CPU.Build.0 = Release|Any CPU
		{3A6E9820-C866-4CC5-B4A7-6F44B718559F}.Debug|Any CPU.ActiveCfg = Debug|Any CPU
		{3A6E9820-C866-4CC5-B4A7-6F44B718559F}.Debug|Any CPU.Build.0 = Debug|Any CPU
		{3A6E9820-C866-4CC5-B4A7-6F44B718559F}.Release|Any CPU.ActiveCfg = Release|Any CPU
		{3A6E9820-C866-4CC5-B4A7-6F44B718559F}.Release|Any CPU.Build.0 = Release|Any CPU
		{06743694-A8AC-46B4-835C-634A76C5A9F8}.Debug|Any CPU.ActiveCfg = Debug|Any CPU
		{06743694-A8AC-46B4-835C-634A76C5A9F8}.Debug|Any CPU.Build.0 = Debug|Any CPU
		{06743694-A8AC-46B4-835C-634A76C5A9F8}.Release|Any CPU.ActiveCfg = Release|Any CPU
		{06743694-A8AC-46B4-835C-634A76C5A9F8}.Release|Any CPU.Build.0 = Release|Any CPU
		{D85B9151-EC25-4035-8588-DD57E0AE06D9}.Debug|Any CPU.ActiveCfg = Debug|Any CPU
		{D85B9151-EC25-4035-8588-DD57E0AE06D9}.Debug|Any CPU.Build.0 = Debug|Any CPU
		{D85B9151-EC25-4035-8588-DD57E0AE06D9}.Release|Any CPU.ActiveCfg = Release|Any CPU
		{D85B9151-EC25-4035-8588-DD57E0AE06D9}.Release|Any CPU.Build.0 = Release|Any CPU
	EndGlobalSection
	GlobalSection(SolutionProperties) = preSolution
		HideSolutionNode = FALSE
	EndGlobalSection
EndGlobal
